
Microsoft Visual Studio Solution File, Format Version 12.00
# Visual Studio 15
VisualStudioVersion = 15.0.26730.16
MinimumVisualStudioVersion = 10.0.40219.1
Project("{9A19103F-16F7-4668-BE54-9A1E7A4F7556}") = "DisruptorNetRedis", "DisruptorNetRedis\DisruptorNetRedis.csproj", "{38E4ACC0-C0C1-4C19-9A4B-F1EA47920468}"
EndProject
Project("{9A19103F-16F7-4668-BE54-9A1E7A4F7556}") = "DisruptorNetRedis_Tests", "DisruptorNetRedis_Tests\DisruptorNetRedis_Tests.csproj", "{00B34DB3-D5FA-49AC-A038-C87641291A90}"
EndProject
Global
	GlobalSection(SolutionConfigurationPlatforms) = preSolution
		Debug|Any CPU = Debug|Any CPU
		Release|Any CPU = Release|Any CPU
	EndGlobalSection
	GlobalSection(ProjectConfigurationPlatforms) = postSolution
		{38E4ACC0-C0C1-4C19-9A4B-F1EA47920468}.Debug|Any CPU.ActiveCfg = Debug|Any CPU
		{38E4ACC0-C0C1-4C19-9A4B-F1EA47920468}.Debug|Any CPU.Build.0 = Debug|Any CPU
		{38E4ACC0-C0C1-4C19-9A4B-F1EA47920468}.Release|Any CPU.ActiveCfg = Release|Any CPU
		{38E4ACC0-C0C1-4C19-9A4B-F1EA47920468}.Release|Any CPU.Build.0 = Release|Any CPU
		{00B34DB3-D5FA-49AC-A038-C87641291A90}.Debug|Any CPU.ActiveCfg = Debug|Any CPU
		{00B34DB3-D5FA-49AC-A038-C87641291A90}.Debug|Any CPU.Build.0 = Debug|Any CPU
		{00B34DB3-D5FA-49AC-A038-C87641291A90}.Release|Any CPU.ActiveCfg = Release|Any CPU
		{00B34DB3-D5FA-49AC-A038-C87641291A90}.Release|Any CPU.Build.0 = Release|Any CPU
	EndGlobalSection
	GlobalSection(SolutionProperties) = preSolution
		HideSolutionNode = FALSE
	EndGlobalSection
	GlobalSection(ExtensibilityGlobals) = postSolution
		SolutionGuid = {F42874C4-E19B-4585-A99E-3216819F51B5}
	EndGlobalSection
EndGlobal
